
Microsoft Visual Studio Solution File, Format Version 12.00
# Visual Studio Version 17
VisualStudioVersion = 17.11.35222.181
MinimumVisualStudioVersion = 10.0.40219.1
Project("{FAE04EC0-301F-11D3-BF4B-00C04F79EFBC}") = "PerosnalSite", "PerosnalSite\PerosnalSite.csproj", "{C2188A82-A919-4EC7-B6A8-582651AC28C1}"
EndProject
Global
	GlobalSection(SolutionConfigurationPlatforms) = preSolution
		Debug|Any CPU = Debug|Any CPU
		Release|Any CPU = Release|Any CPU
	EndGlobalSection
	GlobalSection(ProjectConfigurationPlatforms) = postSolution
		{C2188A82-A919-4EC7-B6A8-582651AC28C1}.Debug|Any CPU.ActiveCfg = Debug|Any CPU
		{C2188A82-A919-4EC7-B6A8-582651AC28C1}.Debug|Any CPU.Build.0 = Debug|Any CPU
		{C2188A82-A919-4EC7-B6A8-582651AC28C1}.Release|Any CPU.ActiveCfg = Release|Any CPU
		{C2188A82-A919-4EC7-B6A8-582651AC28C1}.Release|Any CPU.Build.0 = Release|Any CPU
	EndGlobalSection
	GlobalSection(SolutionProperties) = preSolution
		HideSolutionNode = FALSE
	EndGlobalSection
	GlobalSection(ExtensibilityGlobals) = postSolution
		SolutionGuid = {E93F8FBB-AF92-4F7F-B88E-C94CAF6A0933}
	EndGlobalSection
EndGlobal
